
Microsoft Visual Studio Solution File, Format Version 12.00
# Visual Studio Version 17
VisualStudioVersion = 17.0.31903.59
MinimumVisualStudioVersion = 10.0.40219.1
Project("{FAE04EC0-301F-11D3-BF4B-00C04F79EFBC}") = "suzhou_2023", "suzhou_2023\suzhou_2023.csproj", "{D4A2A1EB-11A0-4CA8-BB67-F23BC85086A3}"
EndProject
Project("{FAE04EC0-301F-11D3-BF4B-00C04F79EFBC}") = "wuhan_2022", "wuhan_2022\wuhan_2022.csproj", "{2D9B5309-B389-4F79-A4DC-BDA8FFCBC2E1}"
EndProject
Project("{FAE04EC0-301F-11D3-BF4B-00C04F79EFBC}") = "wuxi_2022", "wuxi_2022\wuxi_2022.csproj", "{E586959A-492C-4444-8B3C-721437EF8D04}"
EndProject
Project("{FAE04EC0-301F-11D3-BF4B-00C04F79EFBC}") = "yancheng_2023", "yancheng_2023\yancheng_2023.csproj", "{4131283D-D6B1-4B23-9774-5EB2A372F960}"
EndProject
Project("{FAE04EC0-301F-11D3-BF4B-00C04F79EFBC}") = "beijing_2022", "beijing_2022\beijing_2022.csproj", "{F40DCB10-6F42-4B54-89B1-EAB6026AC068}"
EndProject
Project("{FAE04EC0-301F-11D3-BF4B-00C04F79EFBC}") = "taizhou_2022", "taizhou_2022\taizhou_2022.csproj", "{61BB6421-4705-46E8-A7E6-EE6B5C63E49F}"
EndProject
Project("{FAE04EC0-301F-11D3-BF4B-00C04F79EFBC}") = "fuzhou_2022", "fuzhou_2022\fuzhou_2022.csproj", "{D73DF0F4-026A-4F87-899B-782A917260B8}"
EndProject
Project("{FAE04EC0-301F-11D3-BF4B-00C04F79EFBC}") = "zhejiang_2022", "zhejiang_2022\zhejiang_2022.csproj", "{9B06238A-6579-4ECA-8E1C-CFBDCD7C3309}"
EndProject
Project("{FAE04EC0-301F-11D3-BF4B-00C04F79EFBC}") = "chs_drg_10", "chs_drg_10\chs_drg_10.csproj", "{002B6283-E141-4688-942B-1683D2DBE84F}"
EndProject
Project("{FAE04EC0-301F-11D3-BF4B-00C04F79EFBC}") = "changsha_2023", "changsha_2023\changsha_2023.csproj", "{2553515B-E9C5-41CF-B6C1-690F840E4BF5}"
EndProject
Project("{FAE04EC0-301F-11D3-BF4B-00C04F79EFBC}") = "chs_drg_11", "chs_drg_11\chs_drg_11.csproj", "{17E08DF4-8F77-469F-A6FB-E4F346AB6827}"
EndProject
Project("{FAE04EC0-301F-11D3-BF4B-00C04F79EFBC}") = "yantai_2023", "yantai_2023\yantai_2023.csproj", "{E8ED1239-E71F-4F3B-8B0C-D1AF06DE70AE}"
EndProject
Project("{FAE04EC0-301F-11D3-BF4B-00C04F79EFBC}") = "changzhou_2022", "changzhou_2022\changzhou_2022.csproj", "{D870C482-F391-445B-A79D-224E1F620A27}"
EndProject
Project("{FAE04EC0-301F-11D3-BF4B-00C04F79EFBC}") = "lanzhou_2023", "lanzhou_2023\lanzhou_2023.csproj", "{CD3B0542-7EFA-4CC3-BF70-3545C2A33D71}"
EndProject
Project("{FAE04EC0-301F-11D3-BF4B-00C04F79EFBC}") = "qingdao_2023", "qingdao_2023\qingdao_2023.csproj", "{3FBE8C06-8BFF-4BF1-A5C2-3CA8B7343A47}"
EndProject
Project("{FAE04EC0-301F-11D3-BF4B-00C04F79EFBC}") = "linfen_2022", "linfen_2022\linfen_2022.csproj", "{35188132-5A1F-4964-87CD-9382F6178B06}"
EndProject
Project("{FAE04EC0-301F-11D3-BF4B-00C04F79EFBC}") = "wlmq_2022", "wlmq_2022\wlmq_2022.csproj", "{CF241E3F-1887-4B84-86C2-E774FD4B35B2}"
EndProject
Project("{FAE04EC0-301F-11D3-BF4B-00C04F79EFBC}") = "qingyang_2023", "qingyang_2023\qingyang_2023.csproj", "{D37D4755-2FFB-4E6F-8414-7E1FE44A042D}"
EndProject
Global
	GlobalSection(SolutionConfigurationPlatforms) = preSolution
		Debug|Any CPU = Debug|Any CPU
		Release|Any CPU = Release|Any CPU
	EndGlobalSection
	GlobalSection(SolutionProperties) = preSolution
		HideSolutionNode = FALSE
	EndGlobalSection
	GlobalSection(ProjectConfigurationPlatforms) = postSolution
		{D4A2A1EB-11A0-4CA8-BB67-F23BC85086A3}.Debug|Any CPU.ActiveCfg = Debug|Any CPU
		{D4A2A1EB-11A0-4CA8-BB67-F23BC85086A3}.Debug|Any CPU.Build.0 = Debug|Any CPU
		{D4A2A1EB-11A0-4CA8-BB67-F23BC85086A3}.Release|Any CPU.ActiveCfg = Release|Any CPU
		{D4A2A1EB-11A0-4CA8-BB67-F23BC85086A3}.Release|Any CPU.Build.0 = Release|Any CPU
		{2D9B5309-B389-4F79-A4DC-BDA8FFCBC2E1}.Debug|Any CPU.ActiveCfg = Debug|Any CPU
		{2D9B5309-B389-4F79-A4DC-BDA8FFCBC2E1}.Debug|Any CPU.Build.0 = Debug|Any CPU
		{2D9B5309-B389-4F79-A4DC-BDA8FFCBC2E1}.Release|Any CPU.ActiveCfg = Release|Any CPU
		{2D9B5309-B389-4F79-A4DC-BDA8FFCBC2E1}.Release|Any CPU.Build.0 = Release|Any CPU
		{E586959A-492C-4444-8B3C-721437EF8D04}.Debug|Any CPU.ActiveCfg = Debug|Any CPU
		{E586959A-492C-4444-8B3C-721437EF8D04}.Debug|Any CPU.Build.0 = Debug|Any CPU
		{E586959A-492C-4444-8B3C-721437EF8D04}.Release|Any CPU.ActiveCfg = Release|Any CPU
		{E586959A-492C-4444-8B3C-721437EF8D04}.Release|Any CPU.Build.0 = Release|Any CPU
		{4131283D-D6B1-4B23-9774-5EB2A372F960}.Debug|Any CPU.ActiveCfg = Debug|Any CPU
		{4131283D-D6B1-4B23-9774-5EB2A372F960}.Debug|Any CPU.Build.0 = Debug|Any CPU
		{4131283D-D6B1-4B23-9774-5EB2A372F960}.Release|Any CPU.ActiveCfg = Release|Any CPU
		{4131283D-D6B1-4B23-9774-5EB2A372F960}.Release|Any CPU.Build.0 = Release|Any CPU
		{F40DCB10-6F42-4B54-89B1-EAB6026AC068}.Debug|Any CPU.ActiveCfg = Debug|Any CPU
		{F40DCB10-6F42-4B54-89B1-EAB6026AC068}.Debug|Any CPU.Build.0 = Debug|Any CPU
		{F40DCB10-6F42-4B54-89B1-EAB6026AC068}.Release|Any CPU.ActiveCfg = Release|Any CPU
		{F40DCB10-6F42-4B54-89B1-EAB6026AC068}.Release|Any CPU.Build.0 = Release|Any CPU
		{61BB6421-4705-46E8-A7E6-EE6B5C63E49F}.Debug|Any CPU.ActiveCfg = Debug|Any CPU
		{61BB6421-4705-46E8-A7E6-EE6B5C63E49F}.Debug|Any CPU.Build.0 = Debug|Any CPU
		{61BB6421-4705-46E8-A7E6-EE6B5C63E49F}.Release|Any CPU.ActiveCfg = Release|Any CPU
		{61BB6421-4705-46E8-A7E6-EE6B5C63E49F}.Release|Any CPU.Build.0 = Release|Any CPU
		{D73DF0F4-026A-4F87-899B-782A917260B8}.Debug|Any CPU.ActiveCfg = Debug|Any CPU
		{D73DF0F4-026A-4F87-899B-782A917260B8}.Debug|Any CPU.Build.0 = Debug|Any CPU
		{D73DF0F4-026A-4F87-899B-782A917260B8}.Release|Any CPU.ActiveCfg = Release|Any CPU
		{D73DF0F4-026A-4F87-899B-782A917260B8}.Release|Any CPU.Build.0 = Release|Any CPU
		{9B06238A-6579-4ECA-8E1C-CFBDCD7C3309}.Debug|Any CPU.ActiveCfg = Debug|Any CPU
		{9B06238A-6579-4ECA-8E1C-CFBDCD7C3309}.Debug|Any CPU.Build.0 = Debug|Any CPU
		{9B06238A-6579-4ECA-8E1C-CFBDCD7C3309}.Release|Any CPU.ActiveCfg = Release|Any CPU
		{9B06238A-6579-4ECA-8E1C-CFBDCD7C3309}.Release|Any CPU.Build.0 = Release|Any CPU
		{002B6283-E141-4688-942B-1683D2DBE84F}.Debug|Any CPU.ActiveCfg = Debug|Any CPU
		{002B6283-E141-4688-942B-1683D2DBE84F}.Debug|Any CPU.Build.0 = Debug|Any CPU
		{002B6283-E141-4688-942B-1683D2DBE84F}.Release|Any CPU.ActiveCfg = Release|Any CPU
		{002B6283-E141-4688-942B-1683D2DBE84F}.Release|Any CPU.Build.0 = Release|Any CPU
		{2553515B-E9C5-41CF-B6C1-690F840E4BF5}.Debug|Any CPU.ActiveCfg = Debug|Any CPU
		{2553515B-E9C5-41CF-B6C1-690F840E4BF5}.Debug|Any CPU.Build.0 = Debug|Any CPU
		{2553515B-E9C5-41CF-B6C1-690F840E4BF5}.Release|Any CPU.ActiveCfg = Release|Any CPU
		{2553515B-E9C5-41CF-B6C1-690F840E4BF5}.Release|Any CPU.Build.0 = Release|Any CPU
		{17E08DF4-8F77-469F-A6FB-E4F346AB6827}.Debug|Any CPU.ActiveCfg = Debug|Any CPU
		{17E08DF4-8F77-469F-A6FB-E4F346AB6827}.Debug|Any CPU.Build.0 = Debug|Any CPU
		{17E08DF4-8F77-469F-A6FB-E4F346AB6827}.Release|Any CPU.ActiveCfg = Release|Any CPU
		{17E08DF4-8F77-469F-A6FB-E4F346AB6827}.Release|Any CPU.Build.0 = Release|Any CPU
		{E8ED1239-E71F-4F3B-8B0C-D1AF06DE70AE}.Debug|Any CPU.ActiveCfg = Debug|Any CPU
		{E8ED1239-E71F-4F3B-8B0C-D1AF06DE70AE}.Debug|Any CPU.Build.0 = Debug|Any CPU
		{E8ED1239-E71F-4F3B-8B0C-D1AF06DE70AE}.Release|Any CPU.ActiveCfg = Release|Any CPU
		{E8ED1239-E71F-4F3B-8B0C-D1AF06DE70AE}.Release|Any CPU.Build.0 = Release|Any CPU
		{D870C482-F391-445B-A79D-224E1F620A27}.Debug|Any CPU.ActiveCfg = Debug|Any CPU
		{D870C482-F391-445B-A79D-224E1F620A27}.Debug|Any CPU.Build.0 = Debug|Any CPU
		{D870C482-F391-445B-A79D-224E1F620A27}.Release|Any CPU.ActiveCfg = Release|Any CPU
		{D870C482-F391-445B-A79D-224E1F620A27}.Release|Any CPU.Build.0 = Release|Any CPU
		{CD3B0542-7EFA-4CC3-BF70-3545C2A33D71}.Debug|Any CPU.ActiveCfg = Debug|Any CPU
		{CD3B0542-7EFA-4CC3-BF70-3545C2A33D71}.Debug|Any CPU.Build.0 = Debug|Any CPU
		{CD3B0542-7EFA-4CC3-BF70-3545C2A33D71}.Release|Any CPU.ActiveCfg = Release|Any CPU
		{CD3B0542-7EFA-4CC3-BF70-3545C2A33D71}.Release|Any CPU.Build.0 = Release|Any CPU
		{3FBE8C06-8BFF-4BF1-A5C2-3CA8B7343A47}.Debug|Any CPU.ActiveCfg = Debug|Any CPU
		{3FBE8C06-8BFF-4BF1-A5C2-3CA8B7343A47}.Debug|Any CPU.Build.0 = Debug|Any CPU
		{3FBE8C06-8BFF-4BF1-A5C2-3CA8B7343A47}.Release|Any CPU.ActiveCfg = Release|Any CPU
		{3FBE8C06-8BFF-4BF1-A5C2-3CA8B7343A47}.Release|Any CPU.Build.0 = Release|Any CPU
		{35188132-5A1F-4964-87CD-9382F6178B06}.Debug|Any CPU.ActiveCfg = Debug|Any CPU
		{35188132-5A1F-4964-87CD-9382F6178B06}.Debug|Any CPU.Build.0 = Debug|Any CPU
		{35188132-5A1F-4964-87CD-9382F6178B06}.Release|Any CPU.ActiveCfg = Release|Any CPU
		{35188132-5A1F-4964-87CD-9382F6178B06}.Release|Any CPU.Build.0 = Release|Any CPU
		{CF241E3F-1887-4B84-86C2-E774FD4B35B2}.Debug|Any CPU.ActiveCfg = Debug|Any CPU
		{CF241E3F-1887-4B84-86C2-E774FD4B35B2}.Debug|Any CPU.Build.0 = Debug|Any CPU
		{CF241E3F-1887-4B84-86C2-E774FD4B35B2}.Release|Any CPU.ActiveCfg = Release|Any CPU
		{CF241E3F-1887-4B84-86C2-E774FD4B35B2}.Release|Any CPU.Build.0 = Release|Any CPU
		{D37D4755-2FFB-4E6F-8414-7E1FE44A042D}.Debug|Any CPU.ActiveCfg = Debug|Any CPU
		{D37D4755-2FFB-4E6F-8414-7E1FE44A042D}.Debug|Any CPU.Build.0 = Debug|Any CPU
		{D37D4755-2FFB-4E6F-8414-7E1FE44A042D}.Release|Any CPU.ActiveCfg = Release|Any CPU
		{D37D4755-2FFB-4E6F-8414-7E1FE44A042D}.Release|Any CPU.Build.0 = Release|Any CPU
	EndGlobalSection
EndGlobal
