
Microsoft Visual Studio Solution File, Format Version 12.00
# Visual Studio Version 17
VisualStudioVersion = 17.0.31903.59
MinimumVisualStudioVersion = 10.0.40219.1
Project("{FAE04EC0-301F-11D3-BF4B-00C04F79EFBC}") = "chs_drg_11", "chs_drg_11\chs_drg_11.csproj", "{AE995689-5D92-4C0F-9EE3-F1A42AEAD1AE}"
EndProject
Project("{FAE04EC0-301F-11D3-BF4B-00C04F79EFBC}") = "suzhou_2022", "suzhou_2022\suzhou_2022.csproj", "{D4A2A1EB-11A0-4CA8-BB67-F23BC85086A3}"
EndProject
Global
	GlobalSection(SolutionConfigurationPlatforms) = preSolution
		Debug|Any CPU = Debug|Any CPU
		Release|Any CPU = Release|Any CPU
	EndGlobalSection
	GlobalSection(SolutionProperties) = preSolution
		HideSolutionNode = FALSE
	EndGlobalSection
	GlobalSection(ProjectConfigurationPlatforms) = postSolution
		{AE995689-5D92-4C0F-9EE3-F1A42AEAD1AE}.Debug|Any CPU.ActiveCfg = Debug|Any CPU
		{AE995689-5D92-4C0F-9EE3-F1A42AEAD1AE}.Debug|Any CPU.Build.0 = Debug|Any CPU
		{AE995689-5D92-4C0F-9EE3-F1A42AEAD1AE}.Release|Any CPU.ActiveCfg = Release|Any CPU
		{AE995689-5D92-4C0F-9EE3-F1A42AEAD1AE}.Release|Any CPU.Build.0 = Release|Any CPU
		{D4A2A1EB-11A0-4CA8-BB67-F23BC85086A3}.Debug|Any CPU.ActiveCfg = Debug|Any CPU
		{D4A2A1EB-11A0-4CA8-BB67-F23BC85086A3}.Debug|Any CPU.Build.0 = Debug|Any CPU
		{D4A2A1EB-11A0-4CA8-BB67-F23BC85086A3}.Release|Any CPU.ActiveCfg = Release|Any CPU
		{D4A2A1EB-11A0-4CA8-BB67-F23BC85086A3}.Release|Any CPU.Build.0 = Release|Any CPU
	EndGlobalSection
EndGlobal
